
Microsoft Visual Studio Solution File, Format Version 12.00
# Visual Studio Version 16
VisualStudioVersion = 16.0.31911.196
MinimumVisualStudioVersion = 10.0.40219.1
Project("{8BC9CEB8-8B4A-11D0-8D11-00A0C91BC942}") = "massiv", "massiv\massiv.vcxproj", "{25A91B8E-7EC0-407B-ACA7-7AEC5E505CF0}"
EndProject
Global
	GlobalSection(SolutionConfigurationPlatforms) = preSolution
		Debug|x64 = Debug|x64
		Debug|x86 = Debug|x86
		Release|x64 = Release|x64
		Release|x86 = Release|x86
	EndGlobalSection
	GlobalSection(ProjectConfigurationPlatforms) = postSolution
		{25A91B8E-7EC0-407B-ACA7-7AEC5E505CF0}.Debug|x64.ActiveCfg = Debug|x64
		{25A91B8E-7EC0-407B-ACA7-7AEC5E505CF0}.Debug|x64.Build.0 = Debug|x64
		{25A91B8E-7EC0-407B-ACA7-7AEC5E505CF0}.Debug|x86.ActiveCfg = Debug|Win32
		{25A91B8E-7EC0-407B-ACA7-7AEC5E505CF0}.Debug|x86.Build.0 = Debug|Win32
		{25A91B8E-7EC0-407B-ACA7-7AEC5E505CF0}.Release|x64.ActiveCfg = Release|x64
		{25A91B8E-7EC0-407B-ACA7-7AEC5E505CF0}.Release|x64.Build.0 = Release|x64
		{25A91B8E-7EC0-407B-ACA7-7AEC5E505CF0}.Release|x86.ActiveCfg = Release|Win32
		{25A91B8E-7EC0-407B-ACA7-7AEC5E505CF0}.Release|x86.Build.0 = Release|Win32
	EndGlobalSection
	GlobalSection(SolutionProperties) = preSolution
		HideSolutionNode = FALSE
	EndGlobalSection
	GlobalSection(ExtensibilityGlobals) = postSolution
		SolutionGuid = {7979FEA2-79B0-4B14-8E0A-89E1C23709FD}
	EndGlobalSection
EndGlobal
