
Microsoft Visual Studio Solution File, Format Version 12.00
# Visual Studio Version 16
VisualStudioVersion = 16.0.31911.196
MinimumVisualStudioVersion = 10.0.40219.1
Project("{8BC9CEB8-8B4A-11D0-8D11-00A0C91BC942}") = "struct 2.0", "struct 2.0\struct 2.0.vcxproj", "{9EA7A036-1141-450A-A24E-9953064F6DE7}"
EndProject
Global
	GlobalSection(SolutionConfigurationPlatforms) = preSolution
		Debug|x64 = Debug|x64
		Debug|x86 = Debug|x86
		Release|x64 = Release|x64
		Release|x86 = Release|x86
	EndGlobalSection
	GlobalSection(ProjectConfigurationPlatforms) = postSolution
		{9EA7A036-1141-450A-A24E-9953064F6DE7}.Debug|x64.ActiveCfg = Debug|x64
		{9EA7A036-1141-450A-A24E-9953064F6DE7}.Debug|x64.Build.0 = Debug|x64
		{9EA7A036-1141-450A-A24E-9953064F6DE7}.Debug|x86.ActiveCfg = Debug|Win32
		{9EA7A036-1141-450A-A24E-9953064F6DE7}.Debug|x86.Build.0 = Debug|Win32
		{9EA7A036-1141-450A-A24E-9953064F6DE7}.Release|x64.ActiveCfg = Release|x64
		{9EA7A036-1141-450A-A24E-9953064F6DE7}.Release|x64.Build.0 = Release|x64
		{9EA7A036-1141-450A-A24E-9953064F6DE7}.Release|x86.ActiveCfg = Release|Win32
		{9EA7A036-1141-450A-A24E-9953064F6DE7}.Release|x86.Build.0 = Release|Win32
	EndGlobalSection
	GlobalSection(SolutionProperties) = preSolution
		HideSolutionNode = FALSE
	EndGlobalSection
	GlobalSection(ExtensibilityGlobals) = postSolution
		SolutionGuid = {91ACBB8E-A2BB-43E7-8AED-63422EB226DD}
	EndGlobalSection
EndGlobal
