
Microsoft Visual Studio Solution File, Format Version 12.00
# Visual Studio Version 16
VisualStudioVersion = 16.0.31911.196
MinimumVisualStudioVersion = 10.0.40219.1
Project("{8BC9CEB8-8B4A-11D0-8D11-00A0C91BC942}") = "Switch пвн пвд зах сх", "Switch пвн пвд зах сх\Switch пвн пвд зах сх.vcxproj", "{B74DEA68-E132-470B-AED2-3B0562C14395}"
EndProject
Global
	GlobalSection(SolutionConfigurationPlatforms) = preSolution
		Debug|x64 = Debug|x64
		Debug|x86 = Debug|x86
		Release|x64 = Release|x64
		Release|x86 = Release|x86
	EndGlobalSection
	GlobalSection(ProjectConfigurationPlatforms) = postSolution
		{B74DEA68-E132-470B-AED2-3B0562C14395}.Debug|x64.ActiveCfg = Debug|x64
		{B74DEA68-E132-470B-AED2-3B0562C14395}.Debug|x64.Build.0 = Debug|x64
		{B74DEA68-E132-470B-AED2-3B0562C14395}.Debug|x86.ActiveCfg = Debug|Win32
		{B74DEA68-E132-470B-AED2-3B0562C14395}.Debug|x86.Build.0 = Debug|Win32
		{B74DEA68-E132-470B-AED2-3B0562C14395}.Release|x64.ActiveCfg = Release|x64
		{B74DEA68-E132-470B-AED2-3B0562C14395}.Release|x64.Build.0 = Release|x64
		{B74DEA68-E132-470B-AED2-3B0562C14395}.Release|x86.ActiveCfg = Release|Win32
		{B74DEA68-E132-470B-AED2-3B0562C14395}.Release|x86.Build.0 = Release|Win32
	EndGlobalSection
	GlobalSection(SolutionProperties) = preSolution
		HideSolutionNode = FALSE
	EndGlobalSection
	GlobalSection(ExtensibilityGlobals) = postSolution
		SolutionGuid = {D061403B-D5DD-47DB-A844-DEC054CC7B86}
	EndGlobalSection
EndGlobal
