
Microsoft Visual Studio Solution File, Format Version 12.00
# Visual Studio Version 16
VisualStudioVersion = 16.0.31911.196
MinimumVisualStudioVersion = 10.0.40219.1
Project("{8BC9CEB8-8B4A-11D0-8D11-00A0C91BC942}") = "Dynamic massiv", "Dynamic massiv\Dynamic massiv.vcxproj", "{82FD0537-C5F2-402F-B2CF-05BD01040A10}"
EndProject
Global
	GlobalSection(SolutionConfigurationPlatforms) = preSolution
		Debug|x64 = Debug|x64
		Debug|x86 = Debug|x86
		Release|x64 = Release|x64
		Release|x86 = Release|x86
	EndGlobalSection
	GlobalSection(ProjectConfigurationPlatforms) = postSolution
		{82FD0537-C5F2-402F-B2CF-05BD01040A10}.Debug|x64.ActiveCfg = Debug|x64
		{82FD0537-C5F2-402F-B2CF-05BD01040A10}.Debug|x64.Build.0 = Debug|x64
		{82FD0537-C5F2-402F-B2CF-05BD01040A10}.Debug|x86.ActiveCfg = Debug|Win32
		{82FD0537-C5F2-402F-B2CF-05BD01040A10}.Debug|x86.Build.0 = Debug|Win32
		{82FD0537-C5F2-402F-B2CF-05BD01040A10}.Release|x64.ActiveCfg = Release|x64
		{82FD0537-C5F2-402F-B2CF-05BD01040A10}.Release|x64.Build.0 = Release|x64
		{82FD0537-C5F2-402F-B2CF-05BD01040A10}.Release|x86.ActiveCfg = Release|Win32
		{82FD0537-C5F2-402F-B2CF-05BD01040A10}.Release|x86.Build.0 = Release|Win32
	EndGlobalSection
	GlobalSection(SolutionProperties) = preSolution
		HideSolutionNode = FALSE
	EndGlobalSection
	GlobalSection(ExtensibilityGlobals) = postSolution
		SolutionGuid = {FBCA5461-E139-4D86-ABCA-B67D38F04F96}
	EndGlobalSection
EndGlobal
